<?xml version="1.0" encoding="utf-8"?>
<Project ToolsVersion="4.0" xmlns="http://schemas.microsoft.com/developer/msbuild/2003">
  <ItemGroup>
    <Filter Include="Исходные файлы">
      <UniqueIdentifier>{4FC737F1-C7A5-4376-A066-2A32D752A2FF}</UniqueIdentifier>
      <Extensions>cpp;c;cc;cxx;def;odl;idl;hpj;bat;asm;asmx</Extensions>
    </Filter>
    <Filter Include="Файлы заголовков">
      <UniqueIdentifier>{93995380-89BD-4b04-88EB-625FBE52EBFB}</UniqueIdentifier>
      <Extensions>h;hh;hpp;hxx;hm;inl;inc;ipp;xsd</Extensions>
    </Filter>
    <Filter Include="Файлы ресурсов">
      <UniqueIdentifier>{67DA6AB6-F800-4c08-8B7A-83BB121AAD01}</UniqueIdentifier>
      <Extensions>rc;ico;cur;bmp;dlg;rc2;rct;bin;rgs;gif;jpg;jpeg;jpe;resx;tiff;tif;png;wav;mfcribbon-ms</Extensions>
    </Filter>
  </ItemGroup>
  <ItemGroup>
    <ClCompile Include="Start.cpp">
      <Filter>Исходные файлы</Filter>
    </ClCompile>
    <ClCompile Include="Teor.cpp">
      <Filter>Исходные файлы</Filter>
    </ClCompile>
    <ClCompile Include="ProgressForm.cpp">
      <Filter>Исходные файлы</Filter>
    </ClCompile>
    <ClCompile Include="AchivmentsForm.cpp">
      <Filter>Исходные файлы</Filter>
    </ClCompile>
    <ClCompile Include="TestSelect.cpp">
      <Filter>Исходные файлы</Filter>
    </ClCompile>
    <ClCompile Include="Teor2.cpp">
      <Filter>Исходные файлы</Filter>
    </ClCompile>
    <ClCompile Include="TestsSource.cpp">
      <Filter>Исходные файлы</Filter>
    </ClCompile>
    <ClCompile Include="AllTests.cpp">
      <Filter>Исходные файлы</Filter>
    </ClCompile>
    <ClCompile Include="VAR.cpp">
      <Filter>Исходные файлы</Filter>
    </ClCompile>
    <ClCompile Include="Login.cpp">
      <Filter>Исходные файлы</Filter>
    </ClCompile>
    <ClCompile Include="EntryForm.cpp">
      <Filter>Исходные файлы</Filter>
    </ClCompile>
    <ClCompile Include="MainMenuForm.cpp">
      <Filter>Исходные файлы</Filter>
    </ClCompile>
    <ClCompile Include="TitulForm.cpp">
      <Filter>Исходные файлы</Filter>
    </ClCompile>
    <ClCompile Include="Settings.cpp">
      <Filter>Исходные файлы</Filter>
    </ClCompile>
    <ClCompile Include="Cabinet.cpp">
      <Filter>Исходные файлы</Filter>
    </ClCompile>
  </ItemGroup>
  <ItemGroup>
    <ClInclude Include="Start.h">
      <Filter>Файлы заголовков</Filter>
    </ClInclude>
    <ClInclude Include="Teor.h">
      <Filter>Файлы заголовков</Filter>
    </ClInclude>
    <ClInclude Include="ProgressForm.h">
      <Filter>Файлы заголовков</Filter>
    </ClInclude>
    <ClInclude Include="AchivmentsForm.h">
      <Filter>Файлы заголовков</Filter>
    </ClInclude>
    <ClInclude Include="TestSelect.h">
      <Filter>Файлы заголовков</Filter>
    </ClInclude>
    <ClInclude Include="Teor2.h">
      <Filter>Файлы заголовков</Filter>
    </ClInclude>
    <ClInclude Include="TestsHeaders.h">
      <Filter>Файлы заголовков</Filter>
    </ClInclude>
    <ClInclude Include="AllTests.h">
      <Filter>Файлы заголовков</Filter>
    </ClInclude>
    <ClInclude Include="VAR.h">
      <Filter>Файлы заголовков</Filter>
    </ClInclude>
    <ClInclude Include="Login.h">
      <Filter>Файлы заголовков</Filter>
    </ClInclude>
    <ClInclude Include="EntryForm.h">
      <Filter>Файлы заголовков</Filter>
    </ClInclude>
    <ClInclude Include="MainMenuForm.h">
      <Filter>Файлы заголовков</Filter>
    </ClInclude>
    <ClInclude Include="TitulForm.h">
      <Filter>Файлы заголовков</Filter>
    </ClInclude>
    <ClInclude Include="Settings.h">
      <Filter>Файлы заголовков</Filter>
    </ClInclude>
    <ClInclude Include="Cabinet.h">
      <Filter>Файлы заголовков</Filter>
    </ClInclude>
  </ItemGroup>
  <ItemGroup>
    <EmbeddedResource Include="Start.resx">
      <Filter>Файлы ресурсов</Filter>
    </EmbeddedResource>
    <EmbeddedResource Include="Teor.resx">
      <Filter>Файлы ресурсов</Filter>
    </EmbeddedResource>
    <EmbeddedResource Include="AchivmentsForm.resx">
      <Filter>Файлы ресурсов</Filter>
    </EmbeddedResource>
    <EmbeddedResource Include="ProgressForm.resx">
      <Filter>Файлы ресурсов</Filter>
    </EmbeddedResource>
    <EmbeddedResource Include="TestSelect.resx">
      <Filter>Файлы ресурсов</Filter>
    </EmbeddedResource>
    <EmbeddedResource Include="Teor2.resx">
      <Filter>Файлы ресурсов</Filter>
    </EmbeddedResource>
    <EmbeddedResource Include="AllTests.resx">
      <Filter>Файлы ресурсов</Filter>
    </EmbeddedResource>
    <EmbeddedResource Include="Login.resx">
      <Filter>Файлы ресурсов</Filter>
    </EmbeddedResource>
    <EmbeddedResource Include="EntryForm.resx">
      <Filter>Файлы ресурсов</Filter>
    </EmbeddedResource>
    <EmbeddedResource Include="MainMenuForm.resx">
      <Filter>Файлы ресурсов</Filter>
    </EmbeddedResource>
    <EmbeddedResource Include="TitulForm.resx">
      <Filter>Файлы ресурсов</Filter>
    </EmbeddedResource>
    <EmbeddedResource Include="Settings.resx">
      <Filter>Файлы ресурсов</Filter>
    </EmbeddedResource>
    <EmbeddedResource Include="Cabinet.resx">
      <Filter>Файлы ресурсов</Filter>
    </EmbeddedResource>
  </ItemGroup>
  <ItemGroup>
    <Image Include="..\Debug\UI\AddUser.png">
      <Filter>Файлы ресурсов</Filter>
    </Image>
    <Image Include="..\Debug\UI\Arrow.png">
      <Filter>Файлы ресурсов</Filter>
    </Image>
    <Image Include="..\Debug\UI\Cabinet.png">
      <Filter>Файлы ресурсов</Filter>
    </Image>
    <Image Include="..\Debug\UI\CabinetPic.png">
      <Filter>Файлы ресурсов</Filter>
    </Image>
    <Image Include="..\Debug\UI\Calendar.png">
      <Filter>Файлы ресурсов</Filter>
    </Image>
    <Image Include="..\Debug\UI\Create.png">
      <Filter>Файлы ресурсов</Filter>
    </Image>
    <Image Include="..\Debug\UI\Cross.png">
      <Filter>Файлы ресурсов</Filter>
    </Image>
    <Image Include="..\Debug\UI\Done.png">
      <Filter>Файлы ресурсов</Filter>
    </Image>
    <Image Include="..\Debug\UI\DoneIcon.png">
      <Filter>Файлы ресурсов</Filter>
    </Image>
    <Image Include="..\Debug\UI\DoneIndex.png">
      <Filter>Файлы ресурсов</Filter>
    </Image>
    <Image Include="..\Debug\UI\Exit.png">
      <Filter>Файлы ресурсов</Filter>
    </Image>
    <Image Include="..\Debug\UI\Info.png">
      <Filter>Файлы ресурсов</Filter>
    </Image>
    <Image Include="..\Debug\UI\Key.png">
      <Filter>Файлы ресурсов</Filter>
    </Image>
    <Image Include="..\Debug\UI\Obuchenie.png">
      <Filter>Файлы ресурсов</Filter>
    </Image>
    <Image Include="..\Debug\UI\Pereskaz.png">
      <Filter>Файлы ресурсов</Filter>
    </Image>
    <Image Include="..\Debug\UI\Settings.png">
      <Filter>Файлы ресурсов</Filter>
    </Image>
    <Image Include="..\Debug\UI\Star.png">
      <Filter>Файлы ресурсов</Filter>
    </Image>
    <Image Include="..\Debug\UI\Testing.png">
      <Filter>Файлы ресурсов</Filter>
    </Image>
    <Image Include="..\Debug\UI\Theory.png">
      <Filter>Файлы ресурсов</Filter>
    </Image>
    <Image Include="..\Debug\UI\User.png">
      <Filter>Файлы ресурсов</Filter>
    </Image>
    <Image Include="..\Debug\UI\When.png">
      <Filter>Файлы ресурсов</Filter>
    </Image>
    <Image Include="..\Debug\UI\Writing.png">
      <Filter>Файлы ресурсов</Filter>
    </Image>
  </ItemGroup>
</Project>